// !$*UTF8*$!
{
	archiveVersion = 1;
	classes = {
	};
	objectVersion = 50;
	objects = {

/* Begin PBXBuildFile section */
		341576D826EB744D00F4FD97 /* File.swift in Sources */ = {isa = PBXBuildFile; fileRef = 341576D726EB744D00F4FD97 /* File.swift */; };
		343901F226EA357C00847DC7 /* WashingSimulator.swift in Sources */ = {isa = PBXBuildFile; fileRef = 343901F126EA357C00847DC7 /* WashingSimulator.swift */; };
		3443889526D904DF00D88B19 /* main.swift in Sources */ = {isa = PBXBuildFile; fileRef = 3443889426D904DF00D88B19 /* main.swift */; };
		3443889D26D9050C00D88B19 /* Stuff.swift in Sources */ = {isa = PBXBuildFile; fileRef = 3443889C26D9050C00D88B19 /* Stuff.swift */; };
		3455093126DA1FF3007684E2 /* Simulators.swift in Sources */ = {isa = PBXBuildFile; fileRef = 3455093026DA1FF3007684E2 /* Simulators.swift */; };
		347895CC26DE2E2800926F33 /* Basket.swift in Sources */ = {isa = PBXBuildFile; fileRef = 347895CB26DE2E2800926F33 /* Basket.swift */; };
/* End PBXBuildFile section */

/* Begin PBXCopyFilesBuildPhase section */
		3443888F26D904DF00D88B19 /* CopyFiles */ = {
			isa = PBXCopyFilesBuildPhase;
			buildActionMask = 2147483647;
			dstPath = /usr/share/man/man1/;
			dstSubfolderSpec = 0;
			files = (
			);
			runOnlyForDeploymentPostprocessing = 1;
		};
/* End PBXCopyFilesBuildPhase section */

/* Begin PBXFileReference section */
		341576D726EB744D00F4FD97 /* File.swift */ = {isa = PBXFileReference; lastKnownFileType = sourcecode.swift; path = File.swift; sourceTree = "<group>"; };
		343901F126EA357C00847DC7 /* WashingSimulator.swift */ = {isa = PBXFileReference; lastKnownFileType = sourcecode.swift; path = WashingSimulator.swift; sourceTree = "<group>"; };
		3443889126D904DF00D88B19 /* Laundromat */ = {isa = PBXFileReference; explicitFileType = "compiled.mach-o.executable"; includeInIndex = 0; path = Laundromat; sourceTree = BUILT_PRODUCTS_DIR; };
		3443889426D904DF00D88B19 /* main.swift */ = {isa = PBXFileReference; lastKnownFileType = sourcecode.swift; path = main.swift; sourceTree = "<group>"; };
		3443889C26D9050C00D88B19 /* Stuff.swift */ = {isa = PBXFileReference; lastKnownFileType = sourcecode.swift; path = Stuff.swift; sourceTree = "<group>"; };
		3455093026DA1FF3007684E2 /* Simulators.swift */ = {isa = PBXFileReference; lastKnownFileType = sourcecode.swift; path = Simulators.swift; sourceTree = "<group>"; };
		347895CB26DE2E2800926F33 /* Basket.swift */ = {isa = PBXFileReference; lastKnownFileType = sourcecode.swift; path = Basket.swift; sourceTree = "<group>"; };
/* End PBXFileReference section */

/* Begin PBXFrameworksBuildPhase section */
		3443888E26D904DF00D88B19 /* Frameworks */ = {
			isa = PBXFrameworksBuildPhase;
			buildActionMask = 2147483647;
			files = (
			);
			runOnlyForDeploymentPostprocessing = 0;
		};
/* End PBXFrameworksBuildPhase section */

/* Begin PBXGroup section */
		3443888826D904DF00D88B19 = {
			isa = PBXGroup;
			children = (
				3443889326D904DF00D88B19 /* Laundromat */,
				3443889226D904DF00D88B19 /* Products */,
			);
			sourceTree = "<group>";
		};
		3443889226D904DF00D88B19 /* Products */ = {
			isa = PBXGroup;
			children = (
				3443889126D904DF00D88B19 /* Laundromat */,
			);
			name = Products;
			sourceTree = "<group>";
		};
		3443889326D904DF00D88B19 /* Laundromat */ = {
			isa = PBXGroup;
			children = (
				3443889426D904DF00D88B19 /* main.swift */,
				347895CB26DE2E2800926F33 /* Basket.swift */,
				3443889C26D9050C00D88B19 /* Stuff.swift */,
				343901F126EA357C00847DC7 /* WashingSimulator.swift */,
				341576D726EB744D00F4FD97 /* File.swift */,
				3455093026DA1FF3007684E2 /* Simulators.swift */,
			);
			path = Laundromat;
			sourceTree = "<group>";
		};
/* End PBXGroup section */

/* Begin PBXNativeTarget section */
		3443889026D904DF00D88B19 /* Laundromat */ = {
			isa = PBXNativeTarget;
			buildConfigurationList = 3443889826D904DF00D88B19 /* Build configuration list for PBXNativeTarget "Laundromat" */;
			buildPhases = (
				3443888D26D904DF00D88B19 /* Sources */,
				3443888E26D904DF00D88B19 /* Frameworks */,
				3443888F26D904DF00D88B19 /* CopyFiles */,
			);
			buildRules = (
			);
			dependencies = (
			);
			name = Laundromat;
			productName = Laundromat;
			productReference = 3443889126D904DF00D88B19 /* Laundromat */;
			productType = "com.apple.product-type.tool";
		};
/* End PBXNativeTarget section */

/* Begin PBXProject section */
		3443888926D904DF00D88B19 /* Project object */ = {
			isa = PBXProject;
			attributes = {
				LastSwiftUpdateCheck = 1240;
				LastUpgradeCheck = 1240;
				TargetAttributes = {
					3443889026D904DF00D88B19 = {
						CreatedOnToolsVersion = 12.4;
					};
				};
			};
			buildConfigurationList = 3443888C26D904DF00D88B19 /* Build configuration list for PBXProject "Laundromat" */;
			compatibilityVersion = "Xcode 9.3";
			developmentRegion = en;
			hasScannedForEncodings = 0;
			knownRegions = (
				en,
				Base,
			);
			mainGroup = 3443888826D904DF00D88B19;
			productRefGroup = 3443889226D904DF00D88B19 /* Products */;
			projectDirPath = "";
			projectRoot = "";
			targets = (
				3443889026D904DF00D88B19 /* Laundromat */,
			);
		};
/* End PBXProject section */

/* Begin PBXSourcesBuildPhase section */
		3443888D26D904DF00D88B19 /* Sources */ = {
			isa = PBXSourcesBuildPhase;
			buildActionMask = 2147483647;
			files = (
				3443889D26D9050C00D88B19 /* Stuff.swift in Sources */,
				341576D826EB744D00F4FD97 /* File.swift in Sources */,
				347895CC26DE2E2800926F33 /* Basket.swift in Sources */,
				3443889526D904DF00D88B19 /* main.swift in Sources */,
				3455093126DA1FF3007684E2 /* Simulators.swift in Sources */,
				343901F226EA357C00847DC7 /* WashingSimulator.swift in Sources */,
			);
			runOnlyForDeploymentPostprocessing = 0;
		};
/* End PBXSourcesBuildPhase section */

/* Begin XCBuildConfiguration section */
		3443889626D904DF00D88B19 /* Debug */ = {
			isa = XCBuildConfiguration;
			buildSettings = {
				ALWAYS_SEARCH_USER_PATHS = NO;
				CLANG_ANALYZER_NONNULL = YES;
				CLANG_ANALYZER_NUMBER_OBJECT_CONVERSION = YES_AGGRESSIVE;
				CLANG_CXX_LANGUAGE_STANDARD = "gnu++14";
				CLANG_CXX_LIBRARY = "libc++";
				CLANG_ENABLE_MODULES = YES;
				CLANG_ENABLE_OBJC_ARC = YES;
				CLANG_ENABLE_OBJC_WEAK = YES;
				CLANG_WARN_BLOCK_CAPTURE_AUTORELEASING = YES;
				CLANG_WARN_BOOL_CONVERSION = YES;
				CLANG_WARN_COMMA = YES;
				CLANG_WARN_CONSTANT_CONVERSION = YES;
				CLANG_WARN_DEPRECATED_OBJC_IMPLEMENTATIONS = YES;
				CLANG_WARN_DIRECT_OBJC_ISA_USAGE = YES_ERROR;
				CLANG_WARN_DOCUMENTATION_COMMENTS = YES;
				CLANG_WARN_EMPTY_BODY = YES;
				CLANG_WARN_ENUM_CONVERSION = YES;
				CLANG_WARN_INFINITE_RECURSION = YES;
				CLANG_WARN_INT_CONVERSION = YES;
				CLANG_WARN_NON_LITERAL_NULL_CONVERSION = YES;
				CLANG_WARN_OBJC_IMPLICIT_RETAIN_SELF = YES;
				CLANG_WARN_OBJC_LITERAL_CONVERSION = YES;
				CLANG_WARN_OBJC_ROOT_CLASS = YES_ERROR;
				CLANG_WARN_QUOTED_INCLUDE_IN_FRAMEWORK_HEADER = YES;
				CLANG_WARN_RANGE_LOOP_ANALYSIS = YES;
				CLANG_WARN_STRICT_PROTOTYPES = YES;
				CLANG_WARN_SUSPICIOUS_MOVE = YES;
				CLANG_WARN_UNGUARDED_AVAILABILITY = YES_AGGRESSIVE;
				CLANG_WARN_UNREACHABLE_CODE = YES;
				CLANG_WARN__DUPLICATE_METHOD_MATCH = YES;
				COPY_PHASE_STRIP = NO;
				DEBUG_INFORMATION_FORMAT = dwarf;
				ENABLE_STRICT_OBJC_MSGSEND = YES;
				ENABLE_TESTABILITY = YES;
				GCC_C_LANGUAGE_STANDARD = gnu11;
				GCC_DYNAMIC_NO_PIC = NO;
				GCC_NO_COMMON_BLOCKS = YES;
				GCC_OPTIMIZATION_LEVEL = 0;
				GCC_PREPROCESSOR_DEFINITIONS = (
					"DEBUG=1",
					"$(inherited)",
				);
				GCC_WARN_64_TO_32_BIT_CONVERSION = YES;
				GCC_WARN_ABOUT_RETURN_TYPE = YES_ERROR;
				GCC_WARN_UNDECLARED_SELECTOR = YES;
				GCC_WARN_UNINITIALIZED_AUTOS = YES_AGGRESSIVE;
				GCC_WARN_UNUSED_FUNCTION = YES;
				GCC_WARN_UNUSED_VARIABLE = YES;
				MACOSX_DEPLOYMENT_TARGET = 11.0;
				MTL_ENABLE_DEBUG_INFO = INCLUDE_SOURCE;
				MTL_FAST_MATH = YES;
				ONLY_ACTIVE_ARCH = YES;
				SDKROOT = macosx;
				SWIFT_ACTIVE_COMPILATION_CONDITIONS = DEBUG;
				SWIFT_OPTIMIZATION_LEVEL = "-Onone";
			};
			name = Debug;
		};
		3443889726D904DF00D88B19 /* Release */ = {
			isa = XCBuildConfiguration;
			buildSettings = {
				ALWAYS_SEARCH_USER_PATHS = NO;
				CLANG_ANALYZER_NONNULL = YES;
				CLANG_ANALYZER_NUMBER_OBJECT_CONVERSION = YES_AGGRESSIVE;
				CLANG_CXX_LANGUAGE_STANDARD = "gnu++14";
				CLANG_CXX_LIBRARY = "libc++";
				CLANG_ENABLE_MODULES = YES;
				CLANG_ENABLE_OBJC_ARC = YES;
				CLANG_ENABLE_OBJC_WEAK = YES;
				CLANG_WARN_BLOCK_CAPTURE_AUTORELEASING = YES;
				CLANG_WARN_BOOL_CONVERSION = YES;
				CLANG_WARN_COMMA = YES;
				CLANG_WARN_CONSTANT_CONVERSION = YES;
				CLANG_WARN_DEPRECATED_OBJC_IMPLEMENTATIONS = YES;
				CLANG_WARN_DIRECT_OBJC_ISA_USAGE = YES_ERROR;
				CLANG_WARN_DOCUMENTATION_COMMENTS = YES;
				CLANG_WARN_EMPTY_BODY = YES;
				CLANG_WARN_ENUM_CONVERSION = YES;
				CLANG_WARN_INFINITE_RECURSION = YES;
				CLANG_WARN_INT_CONVERSION = YES;
				CLANG_WARN_NON_LITERAL_NULL_CONVERSION = YES;
				CLANG_WARN_OBJC_IMPLICIT_RETAIN_SELF = YES;
				CLANG_WARN_OBJC_LITERAL_CONVERSION = YES;
				CLANG_WARN_OBJC_ROOT_CLASS = YES_ERROR;
				CLANG_WARN_QUOTED_INCLUDE_IN_FRAMEWORK_HEADER = YES;
				CLANG_WARN_RANGE_LOOP_ANALYSIS = YES;
				CLANG_WARN_STRICT_PROTOTYPES = YES;
				CLANG_WARN_SUSPICIOUS_MOVE = YES;
				CLANG_WARN_UNGUARDED_AVAILABILITY = YES_AGGRESSIVE;
				CLANG_WARN_UNREACHABLE_CODE = YES;
				CLANG_WARN__DUPLICATE_METHOD_MATCH = YES;
				COPY_PHASE_STRIP = NO;
				DEBUG_INFORMATION_FORMAT = "dwarf-with-dsym";
				ENABLE_NS_ASSERTIONS = NO;
				ENABLE_STRICT_OBJC_MSGSEND = YES;
				GCC_C_LANGUAGE_STANDARD = gnu11;
				GCC_NO_COMMON_BLOCKS = YES;
				GCC_WARN_64_TO_32_BIT_CONVERSION = YES;
				GCC_WARN_ABOUT_RETURN_TYPE = YES_ERROR;
				GCC_WARN_UNDECLARED_SELECTOR = YES;
				GCC_WARN_UNINITIALIZED_AUTOS = YES_AGGRESSIVE;
				GCC_WARN_UNUSED_FUNCTION = YES;
				GCC_WARN_UNUSED_VARIABLE = YES;
				MACOSX_DEPLOYMENT_TARGET = 11.0;
				MTL_ENABLE_DEBUG_INFO = NO;
				MTL_FAST_MATH = YES;
				SDKROOT = macosx;
				SWIFT_COMPILATION_MODE = wholemodule;
				SWIFT_OPTIMIZATION_LEVEL = "-O";
			};
			name = Release;
		};
		3443889926D904DF00D88B19 /* Debug */ = {
			isa = XCBuildConfiguration;
			buildSettings = {
				CODE_SIGN_STYLE = Automatic;
				DEVELOPMENT_TEAM = LGU69RG34G;
				ENABLE_HARDENED_RUNTIME = YES;
				PRODUCT_NAME = "$(TARGET_NAME)";
				SWIFT_VERSION = 5.0;
			};
			name = Debug;
		};
		3443889A26D904DF00D88B19 /* Release */ = {
			isa = XCBuildConfiguration;
			buildSettings = {
				CODE_SIGN_STYLE = Automatic;
				DEVELOPMENT_TEAM = LGU69RG34G;
				ENABLE_HARDENED_RUNTIME = YES;
				PRODUCT_NAME = "$(TARGET_NAME)";
				SWIFT_VERSION = 5.0;
			};
			name = Release;
		};
/* End XCBuildConfiguration section */

/* Begin XCConfigurationList section */
		3443888C26D904DF00D88B19 /* Build configuration list for PBXProject "Laundromat" */ = {
			isa = XCConfigurationList;
			buildConfigurations = (
				3443889626D904DF00D88B19 /* Debug */,
				3443889726D904DF00D88B19 /* Release */,
			);
			defaultConfigurationIsVisible = 0;
			defaultConfigurationName = Release;
		};
		3443889826D904DF00D88B19 /* Build configuration list for PBXNativeTarget "Laundromat" */ = {
			isa = XCConfigurationList;
			buildConfigurations = (
				3443889926D904DF00D88B19 /* Debug */,
				3443889A26D904DF00D88B19 /* Release */,
			);
			defaultConfigurationIsVisible = 0;
			defaultConfigurationName = Release;
		};
/* End XCConfigurationList section */
	};
	rootObject = 3443888926D904DF00D88B19 /* Project object */;
}
