// !$*UTF8*$!
{
	archiveVersion = 1;
	classes = {
	};
	objectVersion = 50;
	objects = {

/* Begin PBXBuildFile section */
		34388F872678D02C00B36C07 /* Compressor.swift in Sources */ = {isa = PBXBuildFile; fileRef = 34388F862678D02C00B36C07 /* Compressor.swift */; };
		34388F892678D03E00B36C07 /* Extractor.swift in Sources */ = {isa = PBXBuildFile; fileRef = 34388F882678D03E00B36C07 /* Extractor.swift */; };
		34388F8B2678D04D00B36C07 /* HuffmanNode.swift in Sources */ = {isa = PBXBuildFile; fileRef = 34388F8A2678D04D00B36C07 /* HuffmanNode.swift */; };
		346B52222678A80B00EF5A7D /* main.swift in Sources */ = {isa = PBXBuildFile; fileRef = 346B52212678A80B00EF5A7D /* main.swift */; };
		346B523B2678A8B300EF5A7D /* Extension.swift in Sources */ = {isa = PBXBuildFile; fileRef = 346B523A2678A8B300EF5A7D /* Extension.swift */; };
		348955432678CD2400FF73EB /* FileRW.framework in Frameworks */ = {isa = PBXBuildFile; fileRef = 3489553E2678CD1F00FF73EB /* FileRW.framework */; };
		348955442678CD2400FF73EB /* FileRW.framework in Embed Frameworks */ = {isa = PBXBuildFile; fileRef = 3489553E2678CD1F00FF73EB /* FileRW.framework */; settings = {ATTRIBUTES = (CodeSignOnCopy, RemoveHeadersOnCopy, ); }; };
		34D16B6D26E0FFAE00B21F96 /* DataStructure.framework in Frameworks */ = {isa = PBXBuildFile; fileRef = 34D16B6B26E0FF6000B21F96 /* DataStructure.framework */; };
		34D16B6E26E0FFAE00B21F96 /* DataStructure.framework in Embed Frameworks */ = {isa = PBXBuildFile; fileRef = 34D16B6B26E0FF6000B21F96 /* DataStructure.framework */; settings = {ATTRIBUTES = (CodeSignOnCopy, RemoveHeadersOnCopy, ); }; };
/* End PBXBuildFile section */

/* Begin PBXCopyFilesBuildPhase section */
		346B521C2678A80B00EF5A7D /* CopyFiles */ = {
			isa = PBXCopyFilesBuildPhase;
			buildActionMask = 2147483647;
			dstPath = /usr/share/man/man1/;
			dstSubfolderSpec = 0;
			files = (
			);
			runOnlyForDeploymentPostprocessing = 1;
		};
		346B52312678A88A00EF5A7D /* Embed Frameworks */ = {
			isa = PBXCopyFilesBuildPhase;
			buildActionMask = 2147483647;
			dstPath = "";
			dstSubfolderSpec = 10;
			files = (
				34D16B6E26E0FFAE00B21F96 /* DataStructure.framework in Embed Frameworks */,
				348955442678CD2400FF73EB /* FileRW.framework in Embed Frameworks */,
			);
			name = "Embed Frameworks";
			runOnlyForDeploymentPostprocessing = 0;
		};
/* End PBXCopyFilesBuildPhase section */

/* Begin PBXFileReference section */
		34388F862678D02C00B36C07 /* Compressor.swift */ = {isa = PBXFileReference; lastKnownFileType = sourcecode.swift; path = Compressor.swift; sourceTree = "<group>"; };
		34388F882678D03E00B36C07 /* Extractor.swift */ = {isa = PBXFileReference; lastKnownFileType = sourcecode.swift; path = Extractor.swift; sourceTree = "<group>"; };
		34388F8A2678D04D00B36C07 /* HuffmanNode.swift */ = {isa = PBXFileReference; lastKnownFileType = sourcecode.swift; path = HuffmanNode.swift; sourceTree = "<group>"; };
		346B521E2678A80B00EF5A7D /* HuffmanCoding */ = {isa = PBXFileReference; explicitFileType = "compiled.mach-o.executable"; includeInIndex = 0; path = HuffmanCoding; sourceTree = BUILT_PRODUCTS_DIR; };
		346B52212678A80B00EF5A7D /* main.swift */ = {isa = PBXFileReference; lastKnownFileType = sourcecode.swift; path = main.swift; sourceTree = "<group>"; };
		346B523A2678A8B300EF5A7D /* Extension.swift */ = {isa = PBXFileReference; lastKnownFileType = sourcecode.swift; path = Extension.swift; sourceTree = "<group>"; };
		3489553E2678CD1F00FF73EB /* FileRW.framework */ = {isa = PBXFileReference; lastKnownFileType = wrapper.framework; path = FileRW.framework; sourceTree = "<group>"; };
		34D16B6B26E0FF6000B21F96 /* DataStructure.framework */ = {isa = PBXFileReference; lastKnownFileType = wrapper.framework; path = DataStructure.framework; sourceTree = "<group>"; };
/* End PBXFileReference section */

/* Begin PBXFrameworksBuildPhase section */
		346B521B2678A80B00EF5A7D /* Frameworks */ = {
			isa = PBXFrameworksBuildPhase;
			buildActionMask = 2147483647;
			files = (
				34D16B6D26E0FFAE00B21F96 /* DataStructure.framework in Frameworks */,
				348955432678CD2400FF73EB /* FileRW.framework in Frameworks */,
			);
			runOnlyForDeploymentPostprocessing = 0;
		};
/* End PBXFrameworksBuildPhase section */

/* Begin PBXGroup section */
		34388F8C2678D05B00B36C07 /* Extension */ = {
			isa = PBXGroup;
			children = (
				346B523A2678A8B300EF5A7D /* Extension.swift */,
			);
			path = Extension;
			sourceTree = "<group>";
		};
		346B52152678A80B00EF5A7D = {
			isa = PBXGroup;
			children = (
				346B52202678A80B00EF5A7D /* HuffmanCoding */,
				346B521F2678A80B00EF5A7D /* Products */,
				346B52292678A86E00EF5A7D /* Frameworks */,
			);
			sourceTree = "<group>";
		};
		346B521F2678A80B00EF5A7D /* Products */ = {
			isa = PBXGroup;
			children = (
				346B521E2678A80B00EF5A7D /* HuffmanCoding */,
			);
			name = Products;
			sourceTree = "<group>";
		};
		346B52202678A80B00EF5A7D /* HuffmanCoding */ = {
			isa = PBXGroup;
			children = (
				346B52212678A80B00EF5A7D /* main.swift */,
				34388F8A2678D04D00B36C07 /* HuffmanNode.swift */,
				34388F862678D02C00B36C07 /* Compressor.swift */,
				34388F882678D03E00B36C07 /* Extractor.swift */,
				34388F8C2678D05B00B36C07 /* Extension */,
			);
			path = HuffmanCoding;
			sourceTree = "<group>";
		};
		346B52292678A86E00EF5A7D /* Frameworks */ = {
			isa = PBXGroup;
			children = (
				3489553E2678CD1F00FF73EB /* FileRW.framework */,
				34D16B6B26E0FF6000B21F96 /* DataStructure.framework */,
			);
			path = Frameworks;
			sourceTree = "<group>";
		};
/* End PBXGroup section */

/* Begin PBXNativeTarget section */
		346B521D2678A80B00EF5A7D /* HuffmanCoding */ = {
			isa = PBXNativeTarget;
			buildConfigurationList = 346B52252678A80B00EF5A7D /* Build configuration list for PBXNativeTarget "HuffmanCoding" */;
			buildPhases = (
				346B521A2678A80B00EF5A7D /* Sources */,
				346B521B2678A80B00EF5A7D /* Frameworks */,
				346B521C2678A80B00EF5A7D /* CopyFiles */,
				346B52312678A88A00EF5A7D /* Embed Frameworks */,
			);
			buildRules = (
			);
			dependencies = (
			);
			name = HuffmanCoding;
			productName = HuffmanCoding;
			productReference = 346B521E2678A80B00EF5A7D /* HuffmanCoding */;
			productType = "com.apple.product-type.tool";
		};
/* End PBXNativeTarget section */

/* Begin PBXProject section */
		346B52162678A80B00EF5A7D /* Project object */ = {
			isa = PBXProject;
			attributes = {
				LastSwiftUpdateCheck = 1240;
				LastUpgradeCheck = 1240;
				TargetAttributes = {
					346B521D2678A80B00EF5A7D = {
						CreatedOnToolsVersion = 12.4;
					};
				};
			};
			buildConfigurationList = 346B52192678A80B00EF5A7D /* Build configuration list for PBXProject "HuffmanCoding" */;
			compatibilityVersion = "Xcode 9.3";
			developmentRegion = en;
			hasScannedForEncodings = 0;
			knownRegions = (
				en,
				Base,
			);
			mainGroup = 346B52152678A80B00EF5A7D;
			productRefGroup = 346B521F2678A80B00EF5A7D /* Products */;
			projectDirPath = "";
			projectRoot = "";
			targets = (
				346B521D2678A80B00EF5A7D /* HuffmanCoding */,
			);
		};
/* End PBXProject section */

/* Begin PBXSourcesBuildPhase section */
		346B521A2678A80B00EF5A7D /* Sources */ = {
			isa = PBXSourcesBuildPhase;
			buildActionMask = 2147483647;
			files = (
				346B523B2678A8B300EF5A7D /* Extension.swift in Sources */,
				34388F8B2678D04D00B36C07 /* HuffmanNode.swift in Sources */,
				34388F872678D02C00B36C07 /* Compressor.swift in Sources */,
				34388F892678D03E00B36C07 /* Extractor.swift in Sources */,
				346B52222678A80B00EF5A7D /* main.swift in Sources */,
			);
			runOnlyForDeploymentPostprocessing = 0;
		};
/* End PBXSourcesBuildPhase section */

/* Begin XCBuildConfiguration section */
		346B52232678A80B00EF5A7D /* Debug */ = {
			isa = XCBuildConfiguration;
			buildSettings = {
				ALWAYS_SEARCH_USER_PATHS = NO;
				CLANG_ANALYZER_NONNULL = YES;
				CLANG_ANALYZER_NUMBER_OBJECT_CONVERSION = YES_AGGRESSIVE;
				CLANG_CXX_LANGUAGE_STANDARD = "gnu++14";
				CLANG_CXX_LIBRARY = "libc++";
				CLANG_ENABLE_MODULES = YES;
				CLANG_ENABLE_OBJC_ARC = YES;
				CLANG_ENABLE_OBJC_WEAK = YES;
				CLANG_WARN_BLOCK_CAPTURE_AUTORELEASING = YES;
				CLANG_WARN_BOOL_CONVERSION = YES;
				CLANG_WARN_COMMA = YES;
				CLANG_WARN_CONSTANT_CONVERSION = YES;
				CLANG_WARN_DEPRECATED_OBJC_IMPLEMENTATIONS = YES;
				CLANG_WARN_DIRECT_OBJC_ISA_USAGE = YES_ERROR;
				CLANG_WARN_DOCUMENTATION_COMMENTS = YES;
				CLANG_WARN_EMPTY_BODY = YES;
				CLANG_WARN_ENUM_CONVERSION = YES;
				CLANG_WARN_INFINITE_RECURSION = YES;
				CLANG_WARN_INT_CONVERSION = YES;
				CLANG_WARN_NON_LITERAL_NULL_CONVERSION = YES;
				CLANG_WARN_OBJC_IMPLICIT_RETAIN_SELF = YES;
				CLANG_WARN_OBJC_LITERAL_CONVERSION = YES;
				CLANG_WARN_OBJC_ROOT_CLASS = YES_ERROR;
				CLANG_WARN_QUOTED_INCLUDE_IN_FRAMEWORK_HEADER = YES;
				CLANG_WARN_RANGE_LOOP_ANALYSIS = YES;
				CLANG_WARN_STRICT_PROTOTYPES = YES;
				CLANG_WARN_SUSPICIOUS_MOVE = YES;
				CLANG_WARN_UNGUARDED_AVAILABILITY = YES_AGGRESSIVE;
				CLANG_WARN_UNREACHABLE_CODE = YES;
				CLANG_WARN__DUPLICATE_METHOD_MATCH = YES;
				COPY_PHASE_STRIP = NO;
				DEBUG_INFORMATION_FORMAT = dwarf;
				ENABLE_STRICT_OBJC_MSGSEND = YES;
				ENABLE_TESTABILITY = YES;
				GCC_C_LANGUAGE_STANDARD = gnu11;
				GCC_DYNAMIC_NO_PIC = NO;
				GCC_NO_COMMON_BLOCKS = YES;
				GCC_OPTIMIZATION_LEVEL = 0;
				GCC_PREPROCESSOR_DEFINITIONS = (
					"DEBUG=1",
					"$(inherited)",
				);
				GCC_WARN_64_TO_32_BIT_CONVERSION = YES;
				GCC_WARN_ABOUT_RETURN_TYPE = YES_ERROR;
				GCC_WARN_UNDECLARED_SELECTOR = YES;
				GCC_WARN_UNINITIALIZED_AUTOS = YES_AGGRESSIVE;
				GCC_WARN_UNUSED_FUNCTION = YES;
				GCC_WARN_UNUSED_VARIABLE = YES;
				MACOSX_DEPLOYMENT_TARGET = 11.0;
				MTL_ENABLE_DEBUG_INFO = INCLUDE_SOURCE;
				MTL_FAST_MATH = YES;
				ONLY_ACTIVE_ARCH = YES;
				SDKROOT = macosx;
				SWIFT_ACTIVE_COMPILATION_CONDITIONS = DEBUG;
				SWIFT_OPTIMIZATION_LEVEL = "-Onone";
			};
			name = Debug;
		};
		346B52242678A80B00EF5A7D /* Release */ = {
			isa = XCBuildConfiguration;
			buildSettings = {
				ALWAYS_SEARCH_USER_PATHS = NO;
				CLANG_ANALYZER_NONNULL = YES;
				CLANG_ANALYZER_NUMBER_OBJECT_CONVERSION = YES_AGGRESSIVE;
				CLANG_CXX_LANGUAGE_STANDARD = "gnu++14";
				CLANG_CXX_LIBRARY = "libc++";
				CLANG_ENABLE_MODULES = YES;
				CLANG_ENABLE_OBJC_ARC = YES;
				CLANG_ENABLE_OBJC_WEAK = YES;
				CLANG_WARN_BLOCK_CAPTURE_AUTORELEASING = YES;
				CLANG_WARN_BOOL_CONVERSION = YES;
				CLANG_WARN_COMMA = YES;
				CLANG_WARN_CONSTANT_CONVERSION = YES;
				CLANG_WARN_DEPRECATED_OBJC_IMPLEMENTATIONS = YES;
				CLANG_WARN_DIRECT_OBJC_ISA_USAGE = YES_ERROR;
				CLANG_WARN_DOCUMENTATION_COMMENTS = YES;
				CLANG_WARN_EMPTY_BODY = YES;
				CLANG_WARN_ENUM_CONVERSION = YES;
				CLANG_WARN_INFINITE_RECURSION = YES;
				CLANG_WARN_INT_CONVERSION = YES;
				CLANG_WARN_NON_LITERAL_NULL_CONVERSION = YES;
				CLANG_WARN_OBJC_IMPLICIT_RETAIN_SELF = YES;
				CLANG_WARN_OBJC_LITERAL_CONVERSION = YES;
				CLANG_WARN_OBJC_ROOT_CLASS = YES_ERROR;
				CLANG_WARN_QUOTED_INCLUDE_IN_FRAMEWORK_HEADER = YES;
				CLANG_WARN_RANGE_LOOP_ANALYSIS = YES;
				CLANG_WARN_STRICT_PROTOTYPES = YES;
				CLANG_WARN_SUSPICIOUS_MOVE = YES;
				CLANG_WARN_UNGUARDED_AVAILABILITY = YES_AGGRESSIVE;
				CLANG_WARN_UNREACHABLE_CODE = YES;
				CLANG_WARN__DUPLICATE_METHOD_MATCH = YES;
				COPY_PHASE_STRIP = NO;
				DEBUG_INFORMATION_FORMAT = "dwarf-with-dsym";
				ENABLE_NS_ASSERTIONS = NO;
				ENABLE_STRICT_OBJC_MSGSEND = YES;
				GCC_C_LANGUAGE_STANDARD = gnu11;
				GCC_NO_COMMON_BLOCKS = YES;
				GCC_WARN_64_TO_32_BIT_CONVERSION = YES;
				GCC_WARN_ABOUT_RETURN_TYPE = YES_ERROR;
				GCC_WARN_UNDECLARED_SELECTOR = YES;
				GCC_WARN_UNINITIALIZED_AUTOS = YES_AGGRESSIVE;
				GCC_WARN_UNUSED_FUNCTION = YES;
				GCC_WARN_UNUSED_VARIABLE = YES;
				MACOSX_DEPLOYMENT_TARGET = 11.0;
				MTL_ENABLE_DEBUG_INFO = NO;
				MTL_FAST_MATH = YES;
				SDKROOT = macosx;
				SWIFT_COMPILATION_MODE = wholemodule;
				SWIFT_OPTIMIZATION_LEVEL = "-O";
			};
			name = Release;
		};
		346B52262678A80B00EF5A7D /* Debug */ = {
			isa = XCBuildConfiguration;
			buildSettings = {
				CODE_SIGN_STYLE = Automatic;
				DEVELOPMENT_TEAM = LGU69RG34G;
				ENABLE_HARDENED_RUNTIME = YES;
				FRAMEWORK_SEARCH_PATHS = (
					"$(inherited)",
					"$(PROJECT_DIR)/Frameworks",
				);
				PRODUCT_NAME = "$(TARGET_NAME)";
				SWIFT_VERSION = 5.0;
			};
			name = Debug;
		};
		346B52272678A80B00EF5A7D /* Release */ = {
			isa = XCBuildConfiguration;
			buildSettings = {
				CODE_SIGN_STYLE = Automatic;
				DEVELOPMENT_TEAM = LGU69RG34G;
				ENABLE_HARDENED_RUNTIME = YES;
				FRAMEWORK_SEARCH_PATHS = (
					"$(inherited)",
					"$(PROJECT_DIR)/Frameworks",
				);
				PRODUCT_NAME = "$(TARGET_NAME)";
				SWIFT_VERSION = 5.0;
			};
			name = Release;
		};
/* End XCBuildConfiguration section */

/* Begin XCConfigurationList section */
		346B52192678A80B00EF5A7D /* Build configuration list for PBXProject "HuffmanCoding" */ = {
			isa = XCConfigurationList;
			buildConfigurations = (
				346B52232678A80B00EF5A7D /* Debug */,
				346B52242678A80B00EF5A7D /* Release */,
			);
			defaultConfigurationIsVisible = 0;
			defaultConfigurationName = Release;
		};
		346B52252678A80B00EF5A7D /* Build configuration list for PBXNativeTarget "HuffmanCoding" */ = {
			isa = XCConfigurationList;
			buildConfigurations = (
				346B52262678A80B00EF5A7D /* Debug */,
				346B52272678A80B00EF5A7D /* Release */,
			);
			defaultConfigurationIsVisible = 0;
			defaultConfigurationName = Release;
		};
/* End XCConfigurationList section */
	};
	rootObject = 346B52162678A80B00EF5A7D /* Project object */;
}
